
Microsoft Visual Studio Solution File, Format Version 12.00
# Visual Studio 2012
Project("{FAE04EC0-301F-11D3-BF4B-00C04F79EFBC}") = "InventoryFeedService", "InventoryFeedService\InventoryFeedService.csproj", "{227A9129-31D8-40D3-9BA9-303E4B161CB9}"
EndProject
Global
	GlobalSection(SolutionConfigurationPlatforms) = preSolution
		Debug|Any CPU = Debug|Any CPU
		Release|Any CPU = Release|Any CPU
	EndGlobalSection
	GlobalSection(ProjectConfigurationPlatforms) = postSolution
		{227A9129-31D8-40D3-9BA9-303E4B161CB9}.Debug|Any CPU.ActiveCfg = Debug|Any CPU
		{227A9129-31D8-40D3-9BA9-303E4B161CB9}.Debug|Any CPU.Build.0 = Debug|Any CPU
		{227A9129-31D8-40D3-9BA9-303E4B161CB9}.Release|Any CPU.ActiveCfg = Release|Any CPU
		{227A9129-31D8-40D3-9BA9-303E4B161CB9}.Release|Any CPU.Build.0 = Release|Any CPU
	EndGlobalSection
	GlobalSection(SolutionProperties) = preSolution
		HideSolutionNode = FALSE
	EndGlobalSection
EndGlobal
